
Microsoft Visual Studio Solution File, Format Version 12.00
# Visual Studio Version 17
VisualStudioVersion = 17.1.32328.378
MinimumVisualStudioVersion = 10.0.40219.1
Project("{FAE04EC0-301F-11D3-BF4B-00C04F79EFBC}") = "Teste", "Teste.csproj", "{6CC30E0B-3545-4163-ABF2-AA70AE84654E}"
EndProject
Global
	GlobalSection(SolutionConfigurationPlatforms) = preSolution
		Debug|Any CPU = Debug|Any CPU
		Release|Any CPU = Release|Any CPU
	EndGlobalSection
	GlobalSection(ProjectConfigurationPlatforms) = postSolution
		{6CC30E0B-3545-4163-ABF2-AA70AE84654E}.Debug|Any CPU.ActiveCfg = Debug|Any CPU
		{6CC30E0B-3545-4163-ABF2-AA70AE84654E}.Debug|Any CPU.Build.0 = Debug|Any CPU
		{6CC30E0B-3545-4163-ABF2-AA70AE84654E}.Release|Any CPU.ActiveCfg = Release|Any CPU
		{6CC30E0B-3545-4163-ABF2-AA70AE84654E}.Release|Any CPU.Build.0 = Release|Any CPU
	EndGlobalSection
	GlobalSection(SolutionProperties) = preSolution
		HideSolutionNode = FALSE
	EndGlobalSection
	GlobalSection(ExtensibilityGlobals) = postSolution
		SolutionGuid = {1F278E0B-9010-47CB-844C-867789F995C6}
	EndGlobalSection
EndGlobal
